
Microsoft Visual Studio Solution File, Format Version 12.00
# Visual Studio Version 16
VisualStudioVersion = 16.0.29020.237
MinimumVisualStudioVersion = 10.0.40219.1
Project("{FAE04EC0-301F-11D3-BF4B-00C04F79EFBC}") = "PEG", "PEG\PEG.csproj", "{716F258F-FEC8-4836-AE98-151727E584E8}"
EndProject
Project("{FAE04EC0-301F-11D3-BF4B-00C04F79EFBC}") = "PEG.Tests", "PEG.Tests\PEG.Tests.csproj", "{572B9375-2FE3-489F-86E1-425E39AC6D74}"
EndProject
Global
	GlobalSection(SolutionConfigurationPlatforms) = preSolution
		Debug|Any CPU = Debug|Any CPU
		Release|Any CPU = Release|Any CPU
	EndGlobalSection
	GlobalSection(ProjectConfigurationPlatforms) = postSolution
		{716F258F-FEC8-4836-AE98-151727E584E8}.Debug|Any CPU.ActiveCfg = Debug|Any CPU
		{716F258F-FEC8-4836-AE98-151727E584E8}.Debug|Any CPU.Build.0 = Debug|Any CPU
		{716F258F-FEC8-4836-AE98-151727E584E8}.Release|Any CPU.ActiveCfg = Release|Any CPU
		{716F258F-FEC8-4836-AE98-151727E584E8}.Release|Any CPU.Build.0 = Release|Any CPU
		{572B9375-2FE3-489F-86E1-425E39AC6D74}.Debug|Any CPU.ActiveCfg = Debug|Any CPU
		{572B9375-2FE3-489F-86E1-425E39AC6D74}.Debug|Any CPU.Build.0 = Debug|Any CPU
		{572B9375-2FE3-489F-86E1-425E39AC6D74}.Release|Any CPU.ActiveCfg = Release|Any CPU
		{572B9375-2FE3-489F-86E1-425E39AC6D74}.Release|Any CPU.Build.0 = Release|Any CPU
	EndGlobalSection
	GlobalSection(SolutionProperties) = preSolution
		HideSolutionNode = FALSE
	EndGlobalSection
	GlobalSection(ExtensibilityGlobals) = postSolution
		SolutionGuid = {8914B0DE-3A4A-4279-BB04-2F211C866EB3}
	EndGlobalSection
EndGlobal
